
Microsoft Visual Studio Solution File, Format Version 12.00
# Visual Studio 2012
Project("{FAE04EC0-301F-11D3-BF4B-00C04F79EFBC}") = "Sitecore.SharedSource.ValueListField", "Sitecore.SharedSource.ValueListField.csproj", "{B2AD33E6-2E42-4454-BD15-809C38AC354B}"
EndProject
Project("{2150E333-8FDC-42A3-9474-1A3956D46DE8}") = "Config File", "Config File", "{877F8B90-1CF3-49CA-B674-06CF423EC094}"
	ProjectSection(SolutionItems) = preProject
		..\Solution Items\ValueListField.config.example = ..\Solution Items\ValueListField.config.example
	EndProjectSection
EndProject
Global
	GlobalSection(SolutionConfigurationPlatforms) = preSolution
		Debug|Any CPU = Debug|Any CPU
		Release|Any CPU = Release|Any CPU
	EndGlobalSection
	GlobalSection(ProjectConfigurationPlatforms) = postSolution
		{B2AD33E6-2E42-4454-BD15-809C38AC354B}.Debug|Any CPU.ActiveCfg = Debug|Any CPU
		{B2AD33E6-2E42-4454-BD15-809C38AC354B}.Debug|Any CPU.Build.0 = Debug|Any CPU
		{B2AD33E6-2E42-4454-BD15-809C38AC354B}.Release|Any CPU.ActiveCfg = Release|Any CPU
		{B2AD33E6-2E42-4454-BD15-809C38AC354B}.Release|Any CPU.Build.0 = Release|Any CPU
	EndGlobalSection
	GlobalSection(SolutionProperties) = preSolution
		HideSolutionNode = FALSE
	EndGlobalSection
EndGlobal
